
Microsoft Visual Studio Solution File, Format Version 12.00
# Visual Studio Version 17
VisualStudioVersion = 17.1.32228.430
MinimumVisualStudioVersion = 10.0.40219.1
Project("{FAE04EC0-301F-11D3-BF4B-00C04F79EFBC}") = "Trab de ProgVis", "Trab de ProgVis\Trab de ProgVis.csproj", "{225DE6A0-9208-46B2-9049-B7F1D8A3AAEC}"
EndProject
Global
	GlobalSection(SolutionConfigurationPlatforms) = preSolution
		Debug|Any CPU = Debug|Any CPU
		Release|Any CPU = Release|Any CPU
	EndGlobalSection
	GlobalSection(ProjectConfigurationPlatforms) = postSolution
		{225DE6A0-9208-46B2-9049-B7F1D8A3AAEC}.Debug|Any CPU.ActiveCfg = Debug|Any CPU
		{225DE6A0-9208-46B2-9049-B7F1D8A3AAEC}.Debug|Any CPU.Build.0 = Debug|Any CPU
		{225DE6A0-9208-46B2-9049-B7F1D8A3AAEC}.Release|Any CPU.ActiveCfg = Release|Any CPU
		{225DE6A0-9208-46B2-9049-B7F1D8A3AAEC}.Release|Any CPU.Build.0 = Release|Any CPU
	EndGlobalSection
	GlobalSection(SolutionProperties) = preSolution
		HideSolutionNode = FALSE
	EndGlobalSection
	GlobalSection(ExtensibilityGlobals) = postSolution
		SolutionGuid = {6DBE8E23-2910-4FF9-8C91-88E0C4F7AEA3}
	EndGlobalSection
EndGlobal
